
Microsoft Visual Studio Solution File, Format Version 12.00
# Visual Studio Version 17
VisualStudioVersion = 17.9.34723.18
MinimumVisualStudioVersion = 10.0.40219.1
Project("{FAE04EC0-301F-11D3-BF4B-00C04F79EFBC}") = "Vertical-Slice-Architecture", "Vertical-Slice-Architecture\Vertical-Slice-Architecture.csproj", "{C09E5E81-A593-4E00-8FEF-3C28092CF663}"
EndProject
Global
	GlobalSection(SolutionConfigurationPlatforms) = preSolution
		Debug|Any CPU = Debug|Any CPU
		Release|Any CPU = Release|Any CPU
	EndGlobalSection
	GlobalSection(ProjectConfigurationPlatforms) = postSolution
		{C09E5E81-A593-4E00-8FEF-3C28092CF663}.Debug|Any CPU.ActiveCfg = Debug|Any CPU
		{C09E5E81-A593-4E00-8FEF-3C28092CF663}.Debug|Any CPU.Build.0 = Debug|Any CPU
		{C09E5E81-A593-4E00-8FEF-3C28092CF663}.Release|Any CPU.ActiveCfg = Release|Any CPU
		{C09E5E81-A593-4E00-8FEF-3C28092CF663}.Release|Any CPU.Build.0 = Release|Any CPU
	EndGlobalSection
	GlobalSection(SolutionProperties) = preSolution
		HideSolutionNode = FALSE
	EndGlobalSection
	GlobalSection(ExtensibilityGlobals) = postSolution
		SolutionGuid = {28397C67-3ED1-47D8-8550-CB2B457BFCFF}
	EndGlobalSection
EndGlobal
